
Microsoft Visual Studio Solution File, Format Version 12.00
# Visual Studio 15
VisualStudioVersion = 15.0.28307.329
MinimumVisualStudioVersion = 10.0.40219.1
Project("{FAE04EC0-301F-11D3-BF4B-00C04F79EFBC}") = "AgendaAspNet", "AgendaAspNet\AgendaAspNet.csproj", "{9E71A24F-C580-4EDF-A54D-1859521F82E7}"
EndProject
Global
	GlobalSection(SolutionConfigurationPlatforms) = preSolution
		Debug|Any CPU = Debug|Any CPU
		Release|Any CPU = Release|Any CPU
	EndGlobalSection
	GlobalSection(ProjectConfigurationPlatforms) = postSolution
		{9E71A24F-C580-4EDF-A54D-1859521F82E7}.Debug|Any CPU.ActiveCfg = Debug|Any CPU
		{9E71A24F-C580-4EDF-A54D-1859521F82E7}.Debug|Any CPU.Build.0 = Debug|Any CPU
		{9E71A24F-C580-4EDF-A54D-1859521F82E7}.Release|Any CPU.ActiveCfg = Release|Any CPU
		{9E71A24F-C580-4EDF-A54D-1859521F82E7}.Release|Any CPU.Build.0 = Release|Any CPU
	EndGlobalSection
	GlobalSection(SolutionProperties) = preSolution
		HideSolutionNode = FALSE
	EndGlobalSection
	GlobalSection(ExtensibilityGlobals) = postSolution
		SolutionGuid = {4D5D3710-2C77-4257-8CDC-409F177E1547}
	EndGlobalSection
EndGlobal
